{
  "meteor": {},
  "dependencies": {
    "basePackages": {
      "iron-router": {},
      "accounts-entry": {},
      "blog": {},
      "handlebar-helpers": {},
      "gravatar": {},
      "roles": {},
      "nprogress": {},
      "medium-editor": {},
      "impicker": {},
      "collection2": {}
    },
    "packages": {
      "iron-router": {
        "git": "https://github.com/EventedMind/iron-router.git",
        "tag": "v0.6.1",
        "commit": "4e1ee0581d68bff422a915dacb0bd30eae10fe08"
      },
      "accounts-entry": {
        "git": "https://github.com/BeDifferential/accounts-entry.git",
        "tag": "v0.4.4",
        "commit": "56cee1ff5afe2ce5be7b749cd74fc939fc9ce781"
      },
      "blog": {
        "git": "https://github.com/BeDifferential/meteor-blog.git",
        "tag": "v0.2.2",
        "commit": "9c9a88e8ccc0dbce72762fea1dcfc56e6af0122b"
      },
      "handlebar-helpers": {
        "git": "https://github.com/raix/Meteor-handlebar-helpers.git",
        "tag": "v0.0.9",
        "commit": "71e94c99462b8801a34c5363510758b6ff5f5ac7"
      },
      "gravatar": {
        "git": "https://github.com/tmeasday/meteor-gravatar.git",
        "tag": "v0.0.4",
        "commit": "d1052ff4401725c23fb199c0e0a36e29b926bc22"
      },
      "roles": {
        "git": "https://github.com/alanning/meteor-roles.git",
        "tag": "v1.0.6",
        "commit": "f81cbf7c765a4ed7e16a580c288db6f10a90856b"
      },
      "nprogress": {
        "git": "https://github.com/zhouzhuojie/meteor-nprogress.git",
        "tag": "v0.0.3",
        "commit": "ffd1c5dd400af64121197f4e637a215c4b6b1fc7"
      },
      "medium-editor": {
        "git": "https://github.com/DenisGorbachev/medium-editor.git",
        "tag": "v1.1.2",
        "commit": "46bc982ba7824b4ecdb67b13ff6c54f9e96963cd"
      },
      "impicker": {
        "git": "https://github.com/wulx/impicker.git",
        "tag": "v1.1.2",
        "commit": "26f1b4a6ed8f90762c699ad845264ff1065e8ebb"
      },
      "collection2": {
        "git": "https://github.com/aldeed/meteor-collection2.git",
        "tag": "v0.2.14",
        "commit": "46eeef2c8786f55e3ff3368c99ac0672600bc734"
      },
      "parsleyjs": {
        "git": "https://github.com/nate-strauser/meteor-parsleyjs.git",
        "tag": "v1.1.7",
        "commit": "035a1e56a78e50369686b7e281aa71e3daf3729a"
      },
      "minimongoid": {
        "git": "https://github.com/Exygy/minimongoid.git",
        "tag": "v0.8.3",
        "commit": "8a4849426f1775f9886f303067e50877696fae43"
      },
      "moment": {
        "git": "https://github.com/acreeger/meteor-moment.git",
        "tag": "v2.2.1",
        "commit": "9ee12e714afe56b189f53076447b7b54f3012065"
      },
      "urlify2": {
        "git": "https://github.com/peerlibrary/meteor-urlify2.git",
        "tag": "v0.1.1",
        "commit": "5b6677b01382e470bd22e6a4a8a0d4399d7900d7"
      },
      "crypto-md5": {
        "git": "https://github.com/oortcloud/meteor-crypto-md5.git",
        "tag": "v3.1.2.2",
        "commit": "75bbb3eeace302122d3554a6212a6fe92553fa18"
      },
      "simple-schema": {
        "git": "https://github.com/aldeed/meteor-simple-schema.git",
        "tag": "v0.2.19",
        "commit": "99f975da6276e352ab9208eaaad907a2f0a8851f"
      },
      "underscore-string-latest": {
        "git": "https://github.com/TimHeckel/meteor-underscore-string.git",
        "tag": "v2.3.3",
        "commit": "4a5d70eee48fbd90a6e6fc78747250d704a0b3bb"
      },
      "crypto-base": {
        "git": "https://github.com/oortcloud/meteor-crypto-base.git",
        "tag": "v3.1.2.1",
        "commit": "5df8d82a0595553415bbfae2930c6ecbeece5794"
      }
    }
  }
}
